
Microsoft Visual Studio Solution File, Format Version 12.00
# Visual Studio Version 18
VisualStudioVersion = 18.2.11415.280
MinimumVisualStudioVersion = 10.0.40219.1
Project("{FAE04EC0-301F-11D3-BF4B-00C04F79EFBC}") = "VSTMC", "VSTMC\VSTMC.csproj", "{98CEE665-5CD2-451D-AA66-95D91D7EE26D}"
EndProject
Project("{2150E333-8FDC-42A3-9474-1A3956D46DE8}") = "CPP", "CPP", "{C488FE09-B577-4EFB-A6F3-DE779D511502}"
EndProject
Project("{2150E333-8FDC-42A3-9474-1A3956D46DE8}") = "CSharp", "CSharp", "{4A6F8FA6-6D06-4B8B-9AB5-EE508C06A9CD}"
EndProject
Project("{2150E333-8FDC-42A3-9474-1A3956D46DE8}") = "Visual Basic", "Visual Basic", "{E103FEF3-44C1-4FAE-9E84-52EF668B2559}"
EndProject
Project("{2150E333-8FDC-42A3-9474-1A3956D46DE8}") = "Items", "Items", "{C4C20A84-DA7E-4959-B48E-82EBA4D4C816}"
EndProject
Project("{2150E333-8FDC-42A3-9474-1A3956D46DE8}") = "Projects", "Projects", "{17492BC2-DA4B-43E1-931B-B801E2172E2F}"
EndProject
Project("{2150E333-8FDC-42A3-9474-1A3956D46DE8}") = "Items", "Items", "{C92C1F67-8CDC-46EB-9388-3EF3AB7625DE}"
EndProject
Project("{2150E333-8FDC-42A3-9474-1A3956D46DE8}") = "Projects", "Projects", "{B72C330E-5E05-47BF-B2FB-353911BAB056}"
EndProject
Project("{2150E333-8FDC-42A3-9474-1A3956D46DE8}") = "Items", "Items", "{86F7C542-BA81-4EBC-87C2-94483160BADF}"
EndProject
Project("{2150E333-8FDC-42A3-9474-1A3956D46DE8}") = "Projects", "Projects", "{F23B4F2E-7398-42AD-98A4-123AEDDB4871}"
EndProject
Project("{2150E333-8FDC-42A3-9474-1A3956D46DE8}") = "Wizards", "Wizards", "{698403AF-4988-4628-A389-866E23C53326}"
EndProject
Project("{FAE04EC0-301F-11D3-BF4B-00C04F79EFBC}") = "VSTMC.Wizard", "Wizard\VSTMC.Wizard.csproj", "{BF0D5A88-9D6D-4B8B-9005-D23E9C363DA9}"
EndProject
Project("{FAE04EC0-301F-11D3-BF4B-00C04F79EFBC}") = "Addin.cpp", "CPP\Projects\Addin\Addin.cpp.csproj", "{C7E09343-EA65-4EEE-82F4-54B794F00D04}"
EndProject
Project("{FAE04EC0-301F-11D3-BF4B-00C04F79EFBC}") = "KeyinMgd.cpp", "CPP\Projects\KeyinMgd\KeyinMgd.cpp.csproj", "{FBC7C1FC-D684-4F0B-8578-8CCFE52A4608}"
EndProject
Project("{FAE04EC0-301F-11D3-BF4B-00C04F79EFBC}") = "Addin.cs", "CSharp\Projects\Addin\Addin.cs.csproj", "{5352008A-056D-499B-956B-E92E44C52A5C}"
EndProject
Project("{FAE04EC0-301F-11D3-BF4B-00C04F79EFBC}") = "Keyin.cs", "CSharp\Projects\Keyin\Keyin.cs.csproj", "{C62698F8-9CE8-4E4C-8111-E87B3ED77801}"
EndProject
Project("{F184B08F-C81C-45F6-A57F-5ABD9991F28F}") = "Addin.vb", "Visual Basic\Projects\Addin\Addin.vb.vbproj", "{36230612-ABB5-4387-8579-093FAE72FC10}"
EndProject
Project("{F184B08F-C81C-45F6-A57F-5ABD9991F28F}") = "Keyin.vb", "Visual Basic\Projects\Keyin\Keyin.vb.vbproj", "{644E259F-114A-486F-85F3-309E3B2513BE}"
EndProject
Project("{FAE04EC0-301F-11D3-BF4B-00C04F79EFBC}") = "Class.csitem", "CSharp\Items\Class.csitem\Class.csitem.csproj", "{DAAB47FA-6ACE-4CC0-B501-28AD6B27A9AD}"
EndProject
Project("{FAE04EC0-301F-11D3-BF4B-00C04F79EFBC}") = "SelectionTool.csitem", "CSharp\Items\ElementSetTool\SelectionTool.csitem.csproj", "{A919E9D4-2A3C-427C-BDB1-4F8353BEEF5B}"
EndProject
Project("{FAE04EC0-301F-11D3-BF4B-00C04F79EFBC}") = "SelectionToolForm.csitem", "CSharp\Items\ElementWin\SelectionToolForm.csitem.csproj", "{A20DFE82-1C4A-4AA9-8E81-A6DA36F10BB4}"
EndProject
Project("{FAE04EC0-301F-11D3-BF4B-00C04F79EFBC}") = "SelectionToolControl.csitem", "CSharp\Items\ElementWpf\SelectionToolControl.csitem.csproj", "{38538C79-C81F-4D73-B1E9-F50D26A239F0}"
EndProject
Project("{FAE04EC0-301F-11D3-BF4B-00C04F79EFBC}") = "PrimitiveForm.csitem", "CSharp\Items\IPrimWin\PrimitiveForm.csitem.csproj", "{89E55AD3-0D35-4B6A-84C4-AB2F564D2BAE}"
EndProject
Project("{FAE04EC0-301F-11D3-BF4B-00C04F79EFBC}") = "PrimitiveUserControl.csitem", "CSharp\Items\IPrimWpf\PrimitiveUserControl.csitem.csproj", "{92BE8D19-2F95-4B5F-99E1-A2BDE5CB12BA}"
EndProject
Project("{FAE04EC0-301F-11D3-BF4B-00C04F79EFBC}") = "KeyinCommands.csitem", "CSharp\Items\Keyin\KeyinCommands.csitem.csproj", "{11B70144-6102-479B-898E-EFE74D81AC18}"
EndProject
Project("{FAE04EC0-301F-11D3-BF4B-00C04F79EFBC}") = "PlacementTool.csitem", "CSharp\Items\PrimitiveTool\PlacementTool.csitem.csproj", "{5F438EF1-7FF3-4BE2-9729-3F07D72514B8}"
EndProject
Project("{FAE04EC0-301F-11D3-BF4B-00C04F79EFBC}") = "PlacementToolForm.csitem", "CSharp\Items\PrimWin\PlacementToolForm.csitem.csproj", "{9903AFBD-DED8-4AC8-AA44-D8789834A1BE}"
EndProject
Project("{FAE04EC0-301F-11D3-BF4B-00C04F79EFBC}") = "PlacementToolControl.csitem", "CSharp\Items\PrimWpf\PlacementToolControl.csitem.csproj", "{1A49754B-609E-4696-AFA3-CC019BB407E9}"
EndProject
Project("{FAE04EC0-301F-11D3-BF4B-00C04F79EFBC}") = "ScanCriteriaExtension.csitem", "CSharp\Items\ScanCriteria\ScanCriteriaExtension.csitem.csproj", "{EDABEB62-6EE2-4113-8062-0F3A2C74B406}"
EndProject
Project("{FAE04EC0-301F-11D3-BF4B-00C04F79EFBC}") = "ToolBar.csitem", "CSharp\Items\Toolbar\ToolBar.csitem.csproj", "{EAF30A99-073C-468F-9910-BAD34B3BA255}"
EndProject
Project("{FAE04EC0-301F-11D3-BF4B-00C04F79EFBC}") = "Form.csitem", "CSharp\Items\WinForm\Form.csitem.csproj", "{420DFA7B-209A-442B-808F-DAFE8CA10660}"
EndProject
Project("{FAE04EC0-301F-11D3-BF4B-00C04F79EFBC}") = "UserControl.csitem", "CSharp\Items\WPF\UserControl.csitem.csproj", "{15EC6B9E-C414-4C4F-BFED-88AD6B1C2CF3}"
EndProject
Project("{F184B08F-C81C-45F6-A57F-5ABD9991F28F}") = "Class.vbitem", "Visual Basic\Items\Class\Class.vbitem.vbproj", "{431277AE-AA11-422D-ABBE-F18C2D5E2305}"
EndProject
Project("{F184B08F-C81C-45F6-A57F-5ABD9991F28F}") = "SelectionTool.vbitem", "Visual Basic\Items\ElementSetTool\SelectionTool.vbitem.vbproj", "{25F1BD0A-9FDE-4C99-8390-F2D49F9B3252}"
EndProject
Project("{FAE04EC0-301F-11D3-BF4B-00C04F79EFBC}") = "PrimitiveForm.vbitem", "Visual Basic\Items\IPrimWin\PrimitiveForm.vbitem.csproj", "{A153926C-5C6C-4A62-B241-9DCEBD7F9C5F}"
EndProject
Project("{F184B08F-C81C-45F6-A57F-5ABD9991F28F}") = "PrimitiveUserControl.vbitem", "Visual Basic\Items\IPrimWpf\PrimitiveUserControl.vbitem.vbproj", "{2DA130BC-CF01-4D73-B874-DA766CFD4438}"
EndProject
Project("{F184B08F-C81C-45F6-A57F-5ABD9991F28F}") = "KeyinCommands.vbitem", "Visual Basic\Items\Keyin\KeyinCommands.vbitem.vbproj", "{A1D0238F-6513-454D-B66E-916C794DC1B9}"
EndProject
Project("{F184B08F-C81C-45F6-A57F-5ABD9991F28F}") = "PlacementTool.vbitem", "Visual Basic\Items\PrimitiveTool\PlacementTool.vbitem.vbproj", "{EFCC953F-8AF1-44A1-BAE2-7B82C154D237}"
EndProject
Project("{FAE04EC0-301F-11D3-BF4B-00C04F79EFBC}") = "PlacementToolForm.vbitem", "Visual Basic\Items\PrimWin\PlacementToolForm.vbitem.csproj", "{6157BF1E-1A3C-4A62-9874-E5683C3F6F29}"
EndProject
Project("{F184B08F-C81C-45F6-A57F-5ABD9991F28F}") = "ScanCriteriaExtension.vbitem", "Visual Basic\Items\ScanCriteria.vbitem\ScanCriteriaExtension.vbitem.vbproj", "{DCE4B83C-926B-4B33-B47D-E05C79E1036D}"
EndProject
Project("{F184B08F-C81C-45F6-A57F-5ABD9991F28F}") = "Toolbar.vbitem", "Visual Basic\Items\Toolbar\Toolbar.vbitem.vbproj", "{4400C95E-2E3C-4613-A2F5-B56BC42A64DC}"
EndProject
Project("{F184B08F-C81C-45F6-A57F-5ABD9991F28F}") = "Form.vbitem", "Visual Basic\Items\WinForms\Form.vbitem.vbproj", "{A2B37446-A59D-4F5C-99DC-821A3661FEED}"
EndProject
Project("{F184B08F-C81C-45F6-A57F-5ABD9991F28F}") = "UserControl.vbitem", "Visual Basic\Items\WPF\UserControl.vbitem.vbproj", "{177627E9-104D-453F-936A-BB9963E363C5}"
EndProject
Project("{F184B08F-C81C-45F6-A57F-5ABD9991F28F}") = "PlacementToolControl.vbitem", "Visual Basic\Items\PrimWpf\PlacementToolControl.vbitem.vbproj", "{53CE6655-EF74-4707-B50D-468087C38506}"
EndProject
Project("{F184B08F-C81C-45F6-A57F-5ABD9991F28F}") = "SelectionToolControl.vbItem", "Visual Basic\Items\ElementWpf\SelectionToolControl.vbItem.vbproj", "{05FFB091-709C-4066-A0AC-2B6072ACFB3E}"
EndProject
Project("{FAE04EC0-301F-11D3-BF4B-00C04F79EFBC}") = "SelectionToolForm.vbitem", "Visual Basic\Items\ElementWin\SelectionToolForm.vbitem.csproj", "{E1D05043-4C4A-49BB-AFB9-55AA84FD63CF}"
EndProject
Project("{FAE04EC0-301F-11D3-BF4B-00C04F79EFBC}") = "KeyinAddin.cpp", "CPP\Projects\KeyinAddin\KeyinAddin.cpp.csproj", "{678C360D-A829-40D3-A3AC-BAB0353FC5C6}"
EndProject
Project("{FAE04EC0-301F-11D3-BF4B-00C04F79EFBC}") = "Utilities.cppitem", "CPP\Items\Utilities\Utilities.cppitem.csproj", "{F006CC28-59DF-4163-9FEC-2178833ACCE3}"
EndProject
Project("{FAE04EC0-301F-11D3-BF4B-00C04F79EFBC}") = "ModuleVersion.cppitem", "CPP\Items\ModulVer\ModuleVersion.cppitem.csproj", "{74CFD62E-C5DA-47F8-8DEF-8E9CDAC17C5A}"
EndProject
Project("{FAE04EC0-301F-11D3-BF4B-00C04F79EFBC}") = "MgdCoreAddin.cpp", "CPP\Projects\MgdCoreAddin\MgdCoreAddin.cpp.csproj", "{C2FA29E2-F582-4C55-9176-19831F609F3E}"
EndProject
Project("{FAE04EC0-301F-11D3-BF4B-00C04F79EFBC}") = "MgdBentleyAddin.cpp", "CPP\Projects\MgdBentleyAddin\MgdBentleyAddin.cpp.csproj", "{86587AB3-25F9-409C-9376-EABAC79F45D8}"
EndProject
Project("{FAE04EC0-301F-11D3-BF4B-00C04F79EFBC}") = "MgdStarterFormcpp", "CPP\Projects\MgdStarterForm\MgdStarterFormcpp.csproj", "{598D2405-FDDE-45A3-A98B-DE06B877F233}"
EndProject
Project("{FAE04EC0-301F-11D3-BF4B-00C04F79EFBC}") = "MgdKeyinWPF.cpp", "CPP\Projects\MgdKeyinWPF\MgdKeyinWPF.cpp.csproj", "{6A03B6D3-6915-4E47-B5A6-A0E0C6341F95}"
EndProject
Project("{FAE04EC0-301F-11D3-BF4B-00C04F79EFBC}") = "MgdKeyinWin.cpp", "CPP\Projects\MgdKeyinWin\MgdKeyinWin.cpp.csproj", "{B470CD52-B984-4BD1-A863-D4F8136A4E54}"
EndProject
Project("{FAE04EC0-301F-11D3-BF4B-00C04F79EFBC}") = "PlacementTool.cppitem", "CPP\Items\PlacementTool\PlacementTool.cppitem.csproj", "{C4088325-BFE8-4C2D-B952-DD1C4562FC31}"
EndProject
Project("{FAE04EC0-301F-11D3-BF4B-00C04F79EFBC}") = "ScanCriteriaHelpers.cppitem", "CPP\Items\ScanCriteriaHelpers\ScanCriteriaHelpers.cppitem.csproj", "{88C009CC-081C-4915-A3A0-EB4A46A12B3B}"
EndProject
Project("{FAE04EC0-301F-11D3-BF4B-00C04F79EFBC}") = "UIHelpers.cppitem", "CPP\Items\UIHelpers\UIHelpers.cppitem.csproj", "{3B5A1EB0-35BE-48AD-9AC9-F14BB57D725F}"
EndProject
Project("{FAE04EC0-301F-11D3-BF4B-00C04F79EFBC}") = "ScanService.cppitem", "CPP\Items\ScanService\ScanService.cppitem.csproj", "{C72E6AA6-B85A-4167-9240-510322353EB4}"
EndProject
Project("{FAE04EC0-301F-11D3-BF4B-00C04F79EFBC}") = "SelectionTool.cppitem", "CPP\Items\SelectionTool\SelectionTool.cppitem.csproj", "{8E283F0C-599E-424F-88CB-9CDA20B7FAB3}"
EndProject
Project("{FAE04EC0-301F-11D3-BF4B-00C04F79EFBC}") = "SelectionSetTool.cppitem", "CPP\Items\SelectionSetTool\SelectionSetTool.cppitem.csproj", "{970ADF17-5137-4BD5-BD33-0ADE2EDBE75F}"
EndProject
Project("{FAE04EC0-301F-11D3-BF4B-00C04F79EFBC}") = "PlacementToolUI.cppitem", "CPP\Items\PlacementToolForm\PlacementToolUI.cppitem.csproj", "{8FEC64E4-C662-4B33-8B41-6788D37D4D1A}"
EndProject
Global
	GlobalSection(SolutionConfigurationPlatforms) = preSolution
		Debug|Any CPU = Debug|Any CPU
		Release|Any CPU = Release|Any CPU
	EndGlobalSection
	GlobalSection(ProjectConfigurationPlatforms) = postSolution
		{98CEE665-5CD2-451D-AA66-95D91D7EE26D}.Debug|Any CPU.ActiveCfg = Debug|Any CPU
		{98CEE665-5CD2-451D-AA66-95D91D7EE26D}.Debug|Any CPU.Build.0 = Debug|Any CPU
		{98CEE665-5CD2-451D-AA66-95D91D7EE26D}.Release|Any CPU.ActiveCfg = Release|Any CPU
		{98CEE665-5CD2-451D-AA66-95D91D7EE26D}.Release|Any CPU.Build.0 = Release|Any CPU
		{BF0D5A88-9D6D-4B8B-9005-D23E9C363DA9}.Debug|Any CPU.ActiveCfg = Debug|Any CPU
		{BF0D5A88-9D6D-4B8B-9005-D23E9C363DA9}.Debug|Any CPU.Build.0 = Debug|Any CPU
		{BF0D5A88-9D6D-4B8B-9005-D23E9C363DA9}.Release|Any CPU.ActiveCfg = Release|Any CPU
		{BF0D5A88-9D6D-4B8B-9005-D23E9C363DA9}.Release|Any CPU.Build.0 = Release|Any CPU
		{C7E09343-EA65-4EEE-82F4-54B794F00D04}.Debug|Any CPU.ActiveCfg = Debug|Any CPU
		{C7E09343-EA65-4EEE-82F4-54B794F00D04}.Debug|Any CPU.Build.0 = Debug|Any CPU
		{C7E09343-EA65-4EEE-82F4-54B794F00D04}.Release|Any CPU.ActiveCfg = Release|Any CPU
		{C7E09343-EA65-4EEE-82F4-54B794F00D04}.Release|Any CPU.Build.0 = Release|Any CPU
		{FBC7C1FC-D684-4F0B-8578-8CCFE52A4608}.Debug|Any CPU.ActiveCfg = Debug|Any CPU
		{FBC7C1FC-D684-4F0B-8578-8CCFE52A4608}.Debug|Any CPU.Build.0 = Debug|Any CPU
		{FBC7C1FC-D684-4F0B-8578-8CCFE52A4608}.Release|Any CPU.ActiveCfg = Release|Any CPU
		{FBC7C1FC-D684-4F0B-8578-8CCFE52A4608}.Release|Any CPU.Build.0 = Release|Any CPU
		{5352008A-056D-499B-956B-E92E44C52A5C}.Debug|Any CPU.ActiveCfg = Debug|Any CPU
		{5352008A-056D-499B-956B-E92E44C52A5C}.Debug|Any CPU.Build.0 = Debug|Any CPU
		{5352008A-056D-499B-956B-E92E44C52A5C}.Release|Any CPU.ActiveCfg = Release|Any CPU
		{5352008A-056D-499B-956B-E92E44C52A5C}.Release|Any CPU.Build.0 = Release|Any CPU
		{C62698F8-9CE8-4E4C-8111-E87B3ED77801}.Debug|Any CPU.ActiveCfg = Debug|Any CPU
		{C62698F8-9CE8-4E4C-8111-E87B3ED77801}.Debug|Any CPU.Build.0 = Debug|Any CPU
		{C62698F8-9CE8-4E4C-8111-E87B3ED77801}.Release|Any CPU.ActiveCfg = Release|Any CPU
		{C62698F8-9CE8-4E4C-8111-E87B3ED77801}.Release|Any CPU.Build.0 = Release|Any CPU
		{36230612-ABB5-4387-8579-093FAE72FC10}.Debug|Any CPU.ActiveCfg = Debug|Any CPU
		{36230612-ABB5-4387-8579-093FAE72FC10}.Debug|Any CPU.Build.0 = Debug|Any CPU
		{36230612-ABB5-4387-8579-093FAE72FC10}.Release|Any CPU.ActiveCfg = Release|Any CPU
		{36230612-ABB5-4387-8579-093FAE72FC10}.Release|Any CPU.Build.0 = Release|Any CPU
		{644E259F-114A-486F-85F3-309E3B2513BE}.Debug|Any CPU.ActiveCfg = Debug|Any CPU
		{644E259F-114A-486F-85F3-309E3B2513BE}.Debug|Any CPU.Build.0 = Debug|Any CPU
		{644E259F-114A-486F-85F3-309E3B2513BE}.Release|Any CPU.ActiveCfg = Release|Any CPU
		{644E259F-114A-486F-85F3-309E3B2513BE}.Release|Any CPU.Build.0 = Release|Any CPU
		{DAAB47FA-6ACE-4CC0-B501-28AD6B27A9AD}.Debug|Any CPU.ActiveCfg = Debug|Any CPU
		{DAAB47FA-6ACE-4CC0-B501-28AD6B27A9AD}.Debug|Any CPU.Build.0 = Debug|Any CPU
		{DAAB47FA-6ACE-4CC0-B501-28AD6B27A9AD}.Release|Any CPU.ActiveCfg = Release|Any CPU
		{DAAB47FA-6ACE-4CC0-B501-28AD6B27A9AD}.Release|Any CPU.Build.0 = Release|Any CPU
		{A919E9D4-2A3C-427C-BDB1-4F8353BEEF5B}.Debug|Any CPU.ActiveCfg = Debug|Any CPU
		{A919E9D4-2A3C-427C-BDB1-4F8353BEEF5B}.Debug|Any CPU.Build.0 = Debug|Any CPU
		{A919E9D4-2A3C-427C-BDB1-4F8353BEEF5B}.Release|Any CPU.ActiveCfg = Release|Any CPU
		{A919E9D4-2A3C-427C-BDB1-4F8353BEEF5B}.Release|Any CPU.Build.0 = Release|Any CPU
		{A20DFE82-1C4A-4AA9-8E81-A6DA36F10BB4}.Debug|Any CPU.ActiveCfg = Debug|Any CPU
		{A20DFE82-1C4A-4AA9-8E81-A6DA36F10BB4}.Debug|Any CPU.Build.0 = Debug|Any CPU
		{A20DFE82-1C4A-4AA9-8E81-A6DA36F10BB4}.Release|Any CPU.ActiveCfg = Release|Any CPU
		{A20DFE82-1C4A-4AA9-8E81-A6DA36F10BB4}.Release|Any CPU.Build.0 = Release|Any CPU
		{38538C79-C81F-4D73-B1E9-F50D26A239F0}.Debug|Any CPU.ActiveCfg = Debug|Any CPU
		{38538C79-C81F-4D73-B1E9-F50D26A239F0}.Debug|Any CPU.Build.0 = Debug|Any CPU
		{38538C79-C81F-4D73-B1E9-F50D26A239F0}.Release|Any CPU.ActiveCfg = Release|Any CPU
		{38538C79-C81F-4D73-B1E9-F50D26A239F0}.Release|Any CPU.Build.0 = Release|Any CPU
		{89E55AD3-0D35-4B6A-84C4-AB2F564D2BAE}.Debug|Any CPU.ActiveCfg = Debug|Any CPU
		{89E55AD3-0D35-4B6A-84C4-AB2F564D2BAE}.Debug|Any CPU.Build.0 = Debug|Any CPU
		{89E55AD3-0D35-4B6A-84C4-AB2F564D2BAE}.Release|Any CPU.ActiveCfg = Release|Any CPU
		{89E55AD3-0D35-4B6A-84C4-AB2F564D2BAE}.Release|Any CPU.Build.0 = Release|Any CPU
		{92BE8D19-2F95-4B5F-99E1-A2BDE5CB12BA}.Debug|Any CPU.ActiveCfg = Debug|Any CPU
		{92BE8D19-2F95-4B5F-99E1-A2BDE5CB12BA}.Debug|Any CPU.Build.0 = Debug|Any CPU
		{92BE8D19-2F95-4B5F-99E1-A2BDE5CB12BA}.Release|Any CPU.ActiveCfg = Release|Any CPU
		{92BE8D19-2F95-4B5F-99E1-A2BDE5CB12BA}.Release|Any CPU.Build.0 = Release|Any CPU
		{11B70144-6102-479B-898E-EFE74D81AC18}.Debug|Any CPU.ActiveCfg = Debug|Any CPU
		{11B70144-6102-479B-898E-EFE74D81AC18}.Debug|Any CPU.Build.0 = Debug|Any CPU
		{11B70144-6102-479B-898E-EFE74D81AC18}.Release|Any CPU.ActiveCfg = Release|Any CPU
		{11B70144-6102-479B-898E-EFE74D81AC18}.Release|Any CPU.Build.0 = Release|Any CPU
		{5F438EF1-7FF3-4BE2-9729-3F07D72514B8}.Debug|Any CPU.ActiveCfg = Debug|Any CPU
		{5F438EF1-7FF3-4BE2-9729-3F07D72514B8}.Debug|Any CPU.Build.0 = Debug|Any CPU
		{5F438EF1-7FF3-4BE2-9729-3F07D72514B8}.Release|Any CPU.ActiveCfg = Release|Any CPU
		{5F438EF1-7FF3-4BE2-9729-3F07D72514B8}.Release|Any CPU.Build.0 = Release|Any CPU
		{9903AFBD-DED8-4AC8-AA44-D8789834A1BE}.Debug|Any CPU.ActiveCfg = Debug|Any CPU
		{9903AFBD-DED8-4AC8-AA44-D8789834A1BE}.Debug|Any CPU.Build.0 = Debug|Any CPU
		{9903AFBD-DED8-4AC8-AA44-D8789834A1BE}.Release|Any CPU.ActiveCfg = Release|Any CPU
		{9903AFBD-DED8-4AC8-AA44-D8789834A1BE}.Release|Any CPU.Build.0 = Release|Any CPU
		{1A49754B-609E-4696-AFA3-CC019BB407E9}.Debug|Any CPU.ActiveCfg = Debug|Any CPU
		{1A49754B-609E-4696-AFA3-CC019BB407E9}.Debug|Any CPU.Build.0 = Debug|Any CPU
		{1A49754B-609E-4696-AFA3-CC019BB407E9}.Release|Any CPU.ActiveCfg = Release|Any CPU
		{1A49754B-609E-4696-AFA3-CC019BB407E9}.Release|Any CPU.Build.0 = Release|Any CPU
		{EDABEB62-6EE2-4113-8062-0F3A2C74B406}.Debug|Any CPU.ActiveCfg = Debug|Any CPU
		{EDABEB62-6EE2-4113-8062-0F3A2C74B406}.Debug|Any CPU.Build.0 = Debug|Any CPU
		{EDABEB62-6EE2-4113-8062-0F3A2C74B406}.Release|Any CPU.ActiveCfg = Release|Any CPU
		{EDABEB62-6EE2-4113-8062-0F3A2C74B406}.Release|Any CPU.Build.0 = Release|Any CPU
		{EAF30A99-073C-468F-9910-BAD34B3BA255}.Debug|Any CPU.ActiveCfg = Debug|Any CPU
		{EAF30A99-073C-468F-9910-BAD34B3BA255}.Debug|Any CPU.Build.0 = Debug|Any CPU
		{EAF30A99-073C-468F-9910-BAD34B3BA255}.Release|Any CPU.ActiveCfg = Release|Any CPU
		{EAF30A99-073C-468F-9910-BAD34B3BA255}.Release|Any CPU.Build.0 = Release|Any CPU
		{420DFA7B-209A-442B-808F-DAFE8CA10660}.Debug|Any CPU.ActiveCfg = Debug|Any CPU
		{420DFA7B-209A-442B-808F-DAFE8CA10660}.Debug|Any CPU.Build.0 = Debug|Any CPU
		{420DFA7B-209A-442B-808F-DAFE8CA10660}.Release|Any CPU.ActiveCfg = Release|Any CPU
		{420DFA7B-209A-442B-808F-DAFE8CA10660}.Release|Any CPU.Build.0 = Release|Any CPU
		{15EC6B9E-C414-4C4F-BFED-88AD6B1C2CF3}.Debug|Any CPU.ActiveCfg = Debug|Any CPU
		{15EC6B9E-C414-4C4F-BFED-88AD6B1C2CF3}.Debug|Any CPU.Build.0 = Debug|Any CPU
		{15EC6B9E-C414-4C4F-BFED-88AD6B1C2CF3}.Release|Any CPU.ActiveCfg = Release|Any CPU
		{15EC6B9E-C414-4C4F-BFED-88AD6B1C2CF3}.Release|Any CPU.Build.0 = Release|Any CPU
		{431277AE-AA11-422D-ABBE-F18C2D5E2305}.Debug|Any CPU.ActiveCfg = Debug|Any CPU
		{431277AE-AA11-422D-ABBE-F18C2D5E2305}.Debug|Any CPU.Build.0 = Debug|Any CPU
		{431277AE-AA11-422D-ABBE-F18C2D5E2305}.Release|Any CPU.ActiveCfg = Release|Any CPU
		{431277AE-AA11-422D-ABBE-F18C2D5E2305}.Release|Any CPU.Build.0 = Release|Any CPU
		{25F1BD0A-9FDE-4C99-8390-F2D49F9B3252}.Debug|Any CPU.ActiveCfg = Debug|Any CPU
		{25F1BD0A-9FDE-4C99-8390-F2D49F9B3252}.Debug|Any CPU.Build.0 = Debug|Any CPU
		{25F1BD0A-9FDE-4C99-8390-F2D49F9B3252}.Release|Any CPU.ActiveCfg = Release|Any CPU
		{25F1BD0A-9FDE-4C99-8390-F2D49F9B3252}.Release|Any CPU.Build.0 = Release|Any CPU
		{A153926C-5C6C-4A62-B241-9DCEBD7F9C5F}.Debug|Any CPU.ActiveCfg = Debug|Any CPU
		{A153926C-5C6C-4A62-B241-9DCEBD7F9C5F}.Debug|Any CPU.Build.0 = Debug|Any CPU
		{A153926C-5C6C-4A62-B241-9DCEBD7F9C5F}.Release|Any CPU.ActiveCfg = Release|Any CPU
		{A153926C-5C6C-4A62-B241-9DCEBD7F9C5F}.Release|Any CPU.Build.0 = Release|Any CPU
		{2DA130BC-CF01-4D73-B874-DA766CFD4438}.Debug|Any CPU.ActiveCfg = Debug|Any CPU
		{2DA130BC-CF01-4D73-B874-DA766CFD4438}.Debug|Any CPU.Build.0 = Debug|Any CPU
		{2DA130BC-CF01-4D73-B874-DA766CFD4438}.Release|Any CPU.ActiveCfg = Release|Any CPU
		{2DA130BC-CF01-4D73-B874-DA766CFD4438}.Release|Any CPU.Build.0 = Release|Any CPU
		{A1D0238F-6513-454D-B66E-916C794DC1B9}.Debug|Any CPU.ActiveCfg = Debug|Any CPU
		{A1D0238F-6513-454D-B66E-916C794DC1B9}.Debug|Any CPU.Build.0 = Debug|Any CPU
		{A1D0238F-6513-454D-B66E-916C794DC1B9}.Release|Any CPU.ActiveCfg = Release|Any CPU
		{A1D0238F-6513-454D-B66E-916C794DC1B9}.Release|Any CPU.Build.0 = Release|Any CPU
		{EFCC953F-8AF1-44A1-BAE2-7B82C154D237}.Debug|Any CPU.ActiveCfg = Debug|Any CPU
		{EFCC953F-8AF1-44A1-BAE2-7B82C154D237}.Debug|Any CPU.Build.0 = Debug|Any CPU
		{EFCC953F-8AF1-44A1-BAE2-7B82C154D237}.Release|Any CPU.ActiveCfg = Release|Any CPU
		{EFCC953F-8AF1-44A1-BAE2-7B82C154D237}.Release|Any CPU.Build.0 = Release|Any CPU
		{6157BF1E-1A3C-4A62-9874-E5683C3F6F29}.Debug|Any CPU.ActiveCfg = Debug|Any CPU
		{6157BF1E-1A3C-4A62-9874-E5683C3F6F29}.Debug|Any CPU.Build.0 = Debug|Any CPU
		{6157BF1E-1A3C-4A62-9874-E5683C3F6F29}.Release|Any CPU.ActiveCfg = Release|Any CPU
		{6157BF1E-1A3C-4A62-9874-E5683C3F6F29}.Release|Any CPU.Build.0 = Release|Any CPU
		{DCE4B83C-926B-4B33-B47D-E05C79E1036D}.Debug|Any CPU.ActiveCfg = Debug|Any CPU
		{DCE4B83C-926B-4B33-B47D-E05C79E1036D}.Debug|Any CPU.Build.0 = Debug|Any CPU
		{DCE4B83C-926B-4B33-B47D-E05C79E1036D}.Release|Any CPU.ActiveCfg = Release|Any CPU
		{DCE4B83C-926B-4B33-B47D-E05C79E1036D}.Release|Any CPU.Build.0 = Release|Any CPU
		{4400C95E-2E3C-4613-A2F5-B56BC42A64DC}.Debug|Any CPU.ActiveCfg = Debug|Any CPU
		{4400C95E-2E3C-4613-A2F5-B56BC42A64DC}.Debug|Any CPU.Build.0 = Debug|Any CPU
		{4400C95E-2E3C-4613-A2F5-B56BC42A64DC}.Release|Any CPU.ActiveCfg = Release|Any CPU
		{4400C95E-2E3C-4613-A2F5-B56BC42A64DC}.Release|Any CPU.Build.0 = Release|Any CPU
		{A2B37446-A59D-4F5C-99DC-821A3661FEED}.Debug|Any CPU.ActiveCfg = Debug|Any CPU
		{A2B37446-A59D-4F5C-99DC-821A3661FEED}.Debug|Any CPU.Build.0 = Debug|Any CPU
		{A2B37446-A59D-4F5C-99DC-821A3661FEED}.Release|Any CPU.ActiveCfg = Release|Any CPU
		{A2B37446-A59D-4F5C-99DC-821A3661FEED}.Release|Any CPU.Build.0 = Release|Any CPU
		{177627E9-104D-453F-936A-BB9963E363C5}.Debug|Any CPU.ActiveCfg = Debug|Any CPU
		{177627E9-104D-453F-936A-BB9963E363C5}.Debug|Any CPU.Build.0 = Debug|Any CPU
		{177627E9-104D-453F-936A-BB9963E363C5}.Release|Any CPU.ActiveCfg = Release|Any CPU
		{177627E9-104D-453F-936A-BB9963E363C5}.Release|Any CPU.Build.0 = Release|Any CPU
		{53CE6655-EF74-4707-B50D-468087C38506}.Debug|Any CPU.ActiveCfg = Debug|Any CPU
		{53CE6655-EF74-4707-B50D-468087C38506}.Debug|Any CPU.Build.0 = Debug|Any CPU
		{53CE6655-EF74-4707-B50D-468087C38506}.Release|Any CPU.ActiveCfg = Release|Any CPU
		{53CE6655-EF74-4707-B50D-468087C38506}.Release|Any CPU.Build.0 = Release|Any CPU
		{05FFB091-709C-4066-A0AC-2B6072ACFB3E}.Debug|Any CPU.ActiveCfg = Debug|Any CPU
		{05FFB091-709C-4066-A0AC-2B6072ACFB3E}.Debug|Any CPU.Build.0 = Debug|Any CPU
		{05FFB091-709C-4066-A0AC-2B6072ACFB3E}.Release|Any CPU.ActiveCfg = Release|Any CPU
		{05FFB091-709C-4066-A0AC-2B6072ACFB3E}.Release|Any CPU.Build.0 = Release|Any CPU
		{E1D05043-4C4A-49BB-AFB9-55AA84FD63CF}.Debug|Any CPU.ActiveCfg = Debug|Any CPU
		{E1D05043-4C4A-49BB-AFB9-55AA84FD63CF}.Debug|Any CPU.Build.0 = Debug|Any CPU
		{E1D05043-4C4A-49BB-AFB9-55AA84FD63CF}.Release|Any CPU.ActiveCfg = Release|Any CPU
		{E1D05043-4C4A-49BB-AFB9-55AA84FD63CF}.Release|Any CPU.Build.0 = Release|Any CPU
		{678C360D-A829-40D3-A3AC-BAB0353FC5C6}.Debug|Any CPU.ActiveCfg = Debug|Any CPU
		{678C360D-A829-40D3-A3AC-BAB0353FC5C6}.Debug|Any CPU.Build.0 = Debug|Any CPU
		{678C360D-A829-40D3-A3AC-BAB0353FC5C6}.Release|Any CPU.ActiveCfg = Release|Any CPU
		{678C360D-A829-40D3-A3AC-BAB0353FC5C6}.Release|Any CPU.Build.0 = Release|Any CPU
		{F006CC28-59DF-4163-9FEC-2178833ACCE3}.Debug|Any CPU.ActiveCfg = Debug|Any CPU
		{F006CC28-59DF-4163-9FEC-2178833ACCE3}.Debug|Any CPU.Build.0 = Debug|Any CPU
		{F006CC28-59DF-4163-9FEC-2178833ACCE3}.Release|Any CPU.ActiveCfg = Release|Any CPU
		{F006CC28-59DF-4163-9FEC-2178833ACCE3}.Release|Any CPU.Build.0 = Release|Any CPU
		{74CFD62E-C5DA-47F8-8DEF-8E9CDAC17C5A}.Debug|Any CPU.ActiveCfg = Debug|Any CPU
		{74CFD62E-C5DA-47F8-8DEF-8E9CDAC17C5A}.Debug|Any CPU.Build.0 = Debug|Any CPU
		{74CFD62E-C5DA-47F8-8DEF-8E9CDAC17C5A}.Release|Any CPU.ActiveCfg = Release|Any CPU
		{74CFD62E-C5DA-47F8-8DEF-8E9CDAC17C5A}.Release|Any CPU.Build.0 = Release|Any CPU
		{C2FA29E2-F582-4C55-9176-19831F609F3E}.Debug|Any CPU.ActiveCfg = Debug|Any CPU
		{C2FA29E2-F582-4C55-9176-19831F609F3E}.Debug|Any CPU.Build.0 = Debug|Any CPU
		{C2FA29E2-F582-4C55-9176-19831F609F3E}.Release|Any CPU.ActiveCfg = Release|Any CPU
		{C2FA29E2-F582-4C55-9176-19831F609F3E}.Release|Any CPU.Build.0 = Release|Any CPU
		{86587AB3-25F9-409C-9376-EABAC79F45D8}.Debug|Any CPU.ActiveCfg = Debug|Any CPU
		{86587AB3-25F9-409C-9376-EABAC79F45D8}.Debug|Any CPU.Build.0 = Debug|Any CPU
		{86587AB3-25F9-409C-9376-EABAC79F45D8}.Release|Any CPU.ActiveCfg = Release|Any CPU
		{86587AB3-25F9-409C-9376-EABAC79F45D8}.Release|Any CPU.Build.0 = Release|Any CPU
		{598D2405-FDDE-45A3-A98B-DE06B877F233}.Debug|Any CPU.ActiveCfg = Debug|Any CPU
		{598D2405-FDDE-45A3-A98B-DE06B877F233}.Debug|Any CPU.Build.0 = Debug|Any CPU
		{598D2405-FDDE-45A3-A98B-DE06B877F233}.Release|Any CPU.ActiveCfg = Release|Any CPU
		{598D2405-FDDE-45A3-A98B-DE06B877F233}.Release|Any CPU.Build.0 = Release|Any CPU
		{6A03B6D3-6915-4E47-B5A6-A0E0C6341F95}.Debug|Any CPU.ActiveCfg = Debug|Any CPU
		{6A03B6D3-6915-4E47-B5A6-A0E0C6341F95}.Debug|Any CPU.Build.0 = Debug|Any CPU
		{6A03B6D3-6915-4E47-B5A6-A0E0C6341F95}.Release|Any CPU.ActiveCfg = Release|Any CPU
		{6A03B6D3-6915-4E47-B5A6-A0E0C6341F95}.Release|Any CPU.Build.0 = Release|Any CPU
		{B470CD52-B984-4BD1-A863-D4F8136A4E54}.Debug|Any CPU.ActiveCfg = Debug|Any CPU
		{B470CD52-B984-4BD1-A863-D4F8136A4E54}.Debug|Any CPU.Build.0 = Debug|Any CPU
		{B470CD52-B984-4BD1-A863-D4F8136A4E54}.Release|Any CPU.ActiveCfg = Release|Any CPU
		{B470CD52-B984-4BD1-A863-D4F8136A4E54}.Release|Any CPU.Build.0 = Release|Any CPU
		{C4088325-BFE8-4C2D-B952-DD1C4562FC31}.Debug|Any CPU.ActiveCfg = Debug|Any CPU
		{C4088325-BFE8-4C2D-B952-DD1C4562FC31}.Debug|Any CPU.Build.0 = Debug|Any CPU
		{C4088325-BFE8-4C2D-B952-DD1C4562FC31}.Release|Any CPU.ActiveCfg = Release|Any CPU
		{C4088325-BFE8-4C2D-B952-DD1C4562FC31}.Release|Any CPU.Build.0 = Release|Any CPU
		{88C009CC-081C-4915-A3A0-EB4A46A12B3B}.Debug|Any CPU.ActiveCfg = Debug|Any CPU
		{88C009CC-081C-4915-A3A0-EB4A46A12B3B}.Debug|Any CPU.Build.0 = Debug|Any CPU
		{88C009CC-081C-4915-A3A0-EB4A46A12B3B}.Release|Any CPU.ActiveCfg = Release|Any CPU
		{88C009CC-081C-4915-A3A0-EB4A46A12B3B}.Release|Any CPU.Build.0 = Release|Any CPU
		{3B5A1EB0-35BE-48AD-9AC9-F14BB57D725F}.Debug|Any CPU.ActiveCfg = Debug|Any CPU
		{3B5A1EB0-35BE-48AD-9AC9-F14BB57D725F}.Debug|Any CPU.Build.0 = Debug|Any CPU
		{3B5A1EB0-35BE-48AD-9AC9-F14BB57D725F}.Release|Any CPU.ActiveCfg = Release|Any CPU
		{3B5A1EB0-35BE-48AD-9AC9-F14BB57D725F}.Release|Any CPU.Build.0 = Release|Any CPU
		{C72E6AA6-B85A-4167-9240-510322353EB4}.Debug|Any CPU.ActiveCfg = Debug|Any CPU
		{C72E6AA6-B85A-4167-9240-510322353EB4}.Debug|Any CPU.Build.0 = Debug|Any CPU
		{C72E6AA6-B85A-4167-9240-510322353EB4}.Release|Any CPU.ActiveCfg = Release|Any CPU
		{C72E6AA6-B85A-4167-9240-510322353EB4}.Release|Any CPU.Build.0 = Release|Any CPU
		{8E283F0C-599E-424F-88CB-9CDA20B7FAB3}.Debug|Any CPU.ActiveCfg = Debug|Any CPU
		{8E283F0C-599E-424F-88CB-9CDA20B7FAB3}.Debug|Any CPU.Build.0 = Debug|Any CPU
		{8E283F0C-599E-424F-88CB-9CDA20B7FAB3}.Release|Any CPU.ActiveCfg = Release|Any CPU
		{8E283F0C-599E-424F-88CB-9CDA20B7FAB3}.Release|Any CPU.Build.0 = Release|Any CPU
		{970ADF17-5137-4BD5-BD33-0ADE2EDBE75F}.Debug|Any CPU.ActiveCfg = Debug|Any CPU
		{970ADF17-5137-4BD5-BD33-0ADE2EDBE75F}.Debug|Any CPU.Build.0 = Debug|Any CPU
		{970ADF17-5137-4BD5-BD33-0ADE2EDBE75F}.Release|Any CPU.ActiveCfg = Release|Any CPU
		{970ADF17-5137-4BD5-BD33-0ADE2EDBE75F}.Release|Any CPU.Build.0 = Release|Any CPU
		{8FEC64E4-C662-4B33-8B41-6788D37D4D1A}.Debug|Any CPU.ActiveCfg = Debug|Any CPU
		{8FEC64E4-C662-4B33-8B41-6788D37D4D1A}.Debug|Any CPU.Build.0 = Debug|Any CPU
		{8FEC64E4-C662-4B33-8B41-6788D37D4D1A}.Release|Any CPU.ActiveCfg = Release|Any CPU
		{8FEC64E4-C662-4B33-8B41-6788D37D4D1A}.Release|Any CPU.Build.0 = Release|Any CPU
	EndGlobalSection
	GlobalSection(SolutionProperties) = preSolution
		HideSolutionNode = FALSE
	EndGlobalSection
	GlobalSection(NestedProjects) = preSolution
		{C4C20A84-DA7E-4959-B48E-82EBA4D4C816} = {E103FEF3-44C1-4FAE-9E84-52EF668B2559}
		{17492BC2-DA4B-43E1-931B-B801E2172E2F} = {E103FEF3-44C1-4FAE-9E84-52EF668B2559}
		{C92C1F67-8CDC-46EB-9388-3EF3AB7625DE} = {4A6F8FA6-6D06-4B8B-9AB5-EE508C06A9CD}
		{B72C330E-5E05-47BF-B2FB-353911BAB056} = {4A6F8FA6-6D06-4B8B-9AB5-EE508C06A9CD}
		{86F7C542-BA81-4EBC-87C2-94483160BADF} = {C488FE09-B577-4EFB-A6F3-DE779D511502}
		{F23B4F2E-7398-42AD-98A4-123AEDDB4871} = {C488FE09-B577-4EFB-A6F3-DE779D511502}
		{BF0D5A88-9D6D-4B8B-9005-D23E9C363DA9} = {698403AF-4988-4628-A389-866E23C53326}
		{C7E09343-EA65-4EEE-82F4-54B794F00D04} = {F23B4F2E-7398-42AD-98A4-123AEDDB4871}
		{FBC7C1FC-D684-4F0B-8578-8CCFE52A4608} = {F23B4F2E-7398-42AD-98A4-123AEDDB4871}
		{5352008A-056D-499B-956B-E92E44C52A5C} = {B72C330E-5E05-47BF-B2FB-353911BAB056}
		{C62698F8-9CE8-4E4C-8111-E87B3ED77801} = {B72C330E-5E05-47BF-B2FB-353911BAB056}
		{36230612-ABB5-4387-8579-093FAE72FC10} = {17492BC2-DA4B-43E1-931B-B801E2172E2F}
		{644E259F-114A-486F-85F3-309E3B2513BE} = {17492BC2-DA4B-43E1-931B-B801E2172E2F}
		{DAAB47FA-6ACE-4CC0-B501-28AD6B27A9AD} = {C92C1F67-8CDC-46EB-9388-3EF3AB7625DE}
		{A919E9D4-2A3C-427C-BDB1-4F8353BEEF5B} = {C92C1F67-8CDC-46EB-9388-3EF3AB7625DE}
		{A20DFE82-1C4A-4AA9-8E81-A6DA36F10BB4} = {C92C1F67-8CDC-46EB-9388-3EF3AB7625DE}
		{38538C79-C81F-4D73-B1E9-F50D26A239F0} = {C92C1F67-8CDC-46EB-9388-3EF3AB7625DE}
		{89E55AD3-0D35-4B6A-84C4-AB2F564D2BAE} = {C92C1F67-8CDC-46EB-9388-3EF3AB7625DE}
		{92BE8D19-2F95-4B5F-99E1-A2BDE5CB12BA} = {C92C1F67-8CDC-46EB-9388-3EF3AB7625DE}
		{11B70144-6102-479B-898E-EFE74D81AC18} = {C92C1F67-8CDC-46EB-9388-3EF3AB7625DE}
		{5F438EF1-7FF3-4BE2-9729-3F07D72514B8} = {C92C1F67-8CDC-46EB-9388-3EF3AB7625DE}
		{9903AFBD-DED8-4AC8-AA44-D8789834A1BE} = {C92C1F67-8CDC-46EB-9388-3EF3AB7625DE}
		{1A49754B-609E-4696-AFA3-CC019BB407E9} = {C92C1F67-8CDC-46EB-9388-3EF3AB7625DE}
		{EDABEB62-6EE2-4113-8062-0F3A2C74B406} = {C92C1F67-8CDC-46EB-9388-3EF3AB7625DE}
		{EAF30A99-073C-468F-9910-BAD34B3BA255} = {C92C1F67-8CDC-46EB-9388-3EF3AB7625DE}
		{420DFA7B-209A-442B-808F-DAFE8CA10660} = {C92C1F67-8CDC-46EB-9388-3EF3AB7625DE}
		{15EC6B9E-C414-4C4F-BFED-88AD6B1C2CF3} = {C92C1F67-8CDC-46EB-9388-3EF3AB7625DE}
		{431277AE-AA11-422D-ABBE-F18C2D5E2305} = {C4C20A84-DA7E-4959-B48E-82EBA4D4C816}
		{25F1BD0A-9FDE-4C99-8390-F2D49F9B3252} = {C4C20A84-DA7E-4959-B48E-82EBA4D4C816}
		{A153926C-5C6C-4A62-B241-9DCEBD7F9C5F} = {C4C20A84-DA7E-4959-B48E-82EBA4D4C816}
		{2DA130BC-CF01-4D73-B874-DA766CFD4438} = {C4C20A84-DA7E-4959-B48E-82EBA4D4C816}
		{A1D0238F-6513-454D-B66E-916C794DC1B9} = {C4C20A84-DA7E-4959-B48E-82EBA4D4C816}
		{EFCC953F-8AF1-44A1-BAE2-7B82C154D237} = {C4C20A84-DA7E-4959-B48E-82EBA4D4C816}
		{6157BF1E-1A3C-4A62-9874-E5683C3F6F29} = {C4C20A84-DA7E-4959-B48E-82EBA4D4C816}
		{DCE4B83C-926B-4B33-B47D-E05C79E1036D} = {C4C20A84-DA7E-4959-B48E-82EBA4D4C816}
		{4400C95E-2E3C-4613-A2F5-B56BC42A64DC} = {C4C20A84-DA7E-4959-B48E-82EBA4D4C816}
		{A2B37446-A59D-4F5C-99DC-821A3661FEED} = {C4C20A84-DA7E-4959-B48E-82EBA4D4C816}
		{177627E9-104D-453F-936A-BB9963E363C5} = {C4C20A84-DA7E-4959-B48E-82EBA4D4C816}
		{53CE6655-EF74-4707-B50D-468087C38506} = {C4C20A84-DA7E-4959-B48E-82EBA4D4C816}
		{05FFB091-709C-4066-A0AC-2B6072ACFB3E} = {C4C20A84-DA7E-4959-B48E-82EBA4D4C816}
		{E1D05043-4C4A-49BB-AFB9-55AA84FD63CF} = {C4C20A84-DA7E-4959-B48E-82EBA4D4C816}
		{678C360D-A829-40D3-A3AC-BAB0353FC5C6} = {F23B4F2E-7398-42AD-98A4-123AEDDB4871}
		{F006CC28-59DF-4163-9FEC-2178833ACCE3} = {86F7C542-BA81-4EBC-87C2-94483160BADF}
		{74CFD62E-C5DA-47F8-8DEF-8E9CDAC17C5A} = {86F7C542-BA81-4EBC-87C2-94483160BADF}
		{C2FA29E2-F582-4C55-9176-19831F609F3E} = {F23B4F2E-7398-42AD-98A4-123AEDDB4871}
		{86587AB3-25F9-409C-9376-EABAC79F45D8} = {F23B4F2E-7398-42AD-98A4-123AEDDB4871}
		{598D2405-FDDE-45A3-A98B-DE06B877F233} = {F23B4F2E-7398-42AD-98A4-123AEDDB4871}
		{6A03B6D3-6915-4E47-B5A6-A0E0C6341F95} = {F23B4F2E-7398-42AD-98A4-123AEDDB4871}
		{B470CD52-B984-4BD1-A863-D4F8136A4E54} = {F23B4F2E-7398-42AD-98A4-123AEDDB4871}
		{C4088325-BFE8-4C2D-B952-DD1C4562FC31} = {86F7C542-BA81-4EBC-87C2-94483160BADF}
		{88C009CC-081C-4915-A3A0-EB4A46A12B3B} = {86F7C542-BA81-4EBC-87C2-94483160BADF}
		{3B5A1EB0-35BE-48AD-9AC9-F14BB57D725F} = {86F7C542-BA81-4EBC-87C2-94483160BADF}
		{C72E6AA6-B85A-4167-9240-510322353EB4} = {86F7C542-BA81-4EBC-87C2-94483160BADF}
		{8E283F0C-599E-424F-88CB-9CDA20B7FAB3} = {86F7C542-BA81-4EBC-87C2-94483160BADF}
		{970ADF17-5137-4BD5-BD33-0ADE2EDBE75F} = {86F7C542-BA81-4EBC-87C2-94483160BADF}
		{8FEC64E4-C662-4B33-8B41-6788D37D4D1A} = {86F7C542-BA81-4EBC-87C2-94483160BADF}
	EndGlobalSection
	GlobalSection(ExtensibilityGlobals) = postSolution
		SolutionGuid = {8FA2C39F-C52F-4322-B1A2-BC7C9A4C3B3B}
	EndGlobalSection
EndGlobal
